// !$*UTF8*$!
{
	archiveVersion = 1;
	classes = {
	};
	objectVersion = 55;
	objects = {

/* Begin PBXBuildFile section */
		080A4DA32964DE4A00FAC86C /* HomeView.swift in Sources */ = {isa = PBXBuildFile; fileRef = 080A4DA22964DE4A00FAC86C /* HomeView.swift */; };
		080A4DA52964EB8F00FAC86C /* EnableAR.swift in Sources */ = {isa = PBXBuildFile; fileRef = 080A4DA42964EB8F00FAC86C /* EnableAR.swift */; };
		080A4DA72966074A00FAC86C /* Data.swift in Sources */ = {isa = PBXBuildFile; fileRef = 080A4DA62966074A00FAC86C /* Data.swift */; };
		08A530562954F388006D3C54 /* AppDelegate.swift in Sources */ = {isa = PBXBuildFile; fileRef = 08A530552954F388006D3C54 /* AppDelegate.swift */; };
		08A530582954F388006D3C54 /* ContentView.swift in Sources */ = {isa = PBXBuildFile; fileRef = 08A530572954F388006D3C54 /* ContentView.swift */; };
		08A5305A2954F388006D3C54 /* Experience.rcproject in Sources */ = {isa = PBXBuildFile; fileRef = 08A530592954F388006D3C54 /* Experience.rcproject */; };
		08A5305C2954F389006D3C54 /* Assets.xcassets in Resources */ = {isa = PBXBuildFile; fileRef = 08A5305B2954F389006D3C54 /* Assets.xcassets */; };
		08A5305F2954F389006D3C54 /* Preview Assets.xcassets in Resources */ = {isa = PBXBuildFile; fileRef = 08A5305E2954F389006D3C54 /* Preview Assets.xcassets */; };
		08A530692954F389006D3C54 /* RealityKitExampleTests.swift in Sources */ = {isa = PBXBuildFile; fileRef = 08A530682954F389006D3C54 /* RealityKitExampleTests.swift */; };
		08A530732954F389006D3C54 /* RealityKitExampleUITests.swift in Sources */ = {isa = PBXBuildFile; fileRef = 08A530722954F389006D3C54 /* RealityKitExampleUITests.swift */; };
		08A530752954F389006D3C54 /* RealityKitExampleUITestsLaunchTests.swift in Sources */ = {isa = PBXBuildFile; fileRef = 08A530742954F389006D3C54 /* RealityKitExampleUITestsLaunchTests.swift */; };
/* End PBXBuildFile section */

/* Begin PBXContainerItemProxy section */
		08A530652954F389006D3C54 /* PBXContainerItemProxy */ = {
			isa = PBXContainerItemProxy;
			containerPortal = 08A5304A2954F388006D3C54 /* Project object */;
			proxyType = 1;
			remoteGlobalIDString = 08A530512954F388006D3C54;
			remoteInfo = RealityKitExample;
		};
		08A5306F2954F389006D3C54 /* PBXContainerItemProxy */ = {
			isa = PBXContainerItemProxy;
			containerPortal = 08A5304A2954F388006D3C54 /* Project object */;
			proxyType = 1;
			remoteGlobalIDString = 08A530512954F388006D3C54;
			remoteInfo = RealityKitExample;
		};
/* End PBXContainerItemProxy section */

/* Begin PBXFileReference section */
		080A4DA22964DE4A00FAC86C /* HomeView.swift */ = {isa = PBXFileReference; lastKnownFileType = sourcecode.swift; path = HomeView.swift; sourceTree = "<group>"; };
		080A4DA42964EB8F00FAC86C /* EnableAR.swift */ = {isa = PBXFileReference; lastKnownFileType = sourcecode.swift; path = EnableAR.swift; sourceTree = "<group>"; };
		080A4DA62966074A00FAC86C /* Data.swift */ = {isa = PBXFileReference; lastKnownFileType = sourcecode.swift; path = Data.swift; sourceTree = "<group>"; };
		08A530522954F388006D3C54 /* RealityKitExample.app */ = {isa = PBXFileReference; explicitFileType = wrapper.application; includeInIndex = 0; path = RealityKitExample.app; sourceTree = BUILT_PRODUCTS_DIR; };
		08A530552954F388006D3C54 /* AppDelegate.swift */ = {isa = PBXFileReference; lastKnownFileType = sourcecode.swift; path = AppDelegate.swift; sourceTree = "<group>"; };
		08A530572954F388006D3C54 /* ContentView.swift */ = {isa = PBXFileReference; lastKnownFileType = sourcecode.swift; path = ContentView.swift; sourceTree = "<group>"; };
		08A530592954F388006D3C54 /* Experience.rcproject */ = {isa = PBXFileReference; lastKnownFileType = file.rcproject; path = Experience.rcproject; sourceTree = "<group>"; };
		08A5305B2954F389006D3C54 /* Assets.xcassets */ = {isa = PBXFileReference; lastKnownFileType = folder.assetcatalog; path = Assets.xcassets; sourceTree = "<group>"; };
		08A5305E2954F389006D3C54 /* Preview Assets.xcassets */ = {isa = PBXFileReference; lastKnownFileType = folder.assetcatalog; path = "Preview Assets.xcassets"; sourceTree = "<group>"; };
		08A530642954F389006D3C54 /* RealityKitExampleTests.xctest */ = {isa = PBXFileReference; explicitFileType = wrapper.cfbundle; includeInIndex = 0; path = RealityKitExampleTests.xctest; sourceTree = BUILT_PRODUCTS_DIR; };
		08A530682954F389006D3C54 /* RealityKitExampleTests.swift */ = {isa = PBXFileReference; lastKnownFileType = sourcecode.swift; path = RealityKitExampleTests.swift; sourceTree = "<group>"; };
		08A5306E2954F389006D3C54 /* RealityKitExampleUITests.xctest */ = {isa = PBXFileReference; explicitFileType = wrapper.cfbundle; includeInIndex = 0; path = RealityKitExampleUITests.xctest; sourceTree = BUILT_PRODUCTS_DIR; };
		08A530722954F389006D3C54 /* RealityKitExampleUITests.swift */ = {isa = PBXFileReference; lastKnownFileType = sourcecode.swift; path = RealityKitExampleUITests.swift; sourceTree = "<group>"; };
		08A530742954F389006D3C54 /* RealityKitExampleUITestsLaunchTests.swift */ = {isa = PBXFileReference; lastKnownFileType = sourcecode.swift; path = RealityKitExampleUITestsLaunchTests.swift; sourceTree = "<group>"; };
/* End PBXFileReference section */

/* Begin PBXFrameworksBuildPhase section */
		08A5304F2954F388006D3C54 /* Frameworks */ = {
			isa = PBXFrameworksBuildPhase;
			buildActionMask = 2147483647;
			files = (
			);
			runOnlyForDeploymentPostprocessing = 0;
		};
		08A530612954F389006D3C54 /* Frameworks */ = {
			isa = PBXFrameworksBuildPhase;
			buildActionMask = 2147483647;
			files = (
			);
			runOnlyForDeploymentPostprocessing = 0;
		};
		08A5306B2954F389006D3C54 /* Frameworks */ = {
			isa = PBXFrameworksBuildPhase;
			buildActionMask = 2147483647;
			files = (
			);
			runOnlyForDeploymentPostprocessing = 0;
		};
/* End PBXFrameworksBuildPhase section */

/* Begin PBXGroup section */
		08A530492954F388006D3C54 = {
			isa = PBXGroup;
			children = (
				08A530542954F388006D3C54 /* RealityKitExample */,
				08A530672954F389006D3C54 /* RealityKitExampleTests */,
				08A530712954F389006D3C54 /* RealityKitExampleUITests */,
				08A530532954F388006D3C54 /* Products */,
			);
			sourceTree = "<group>";
		};
		08A530532954F388006D3C54 /* Products */ = {
			isa = PBXGroup;
			children = (
				08A530522954F388006D3C54 /* RealityKitExample.app */,
				08A530642954F389006D3C54 /* RealityKitExampleTests.xctest */,
				08A5306E2954F389006D3C54 /* RealityKitExampleUITests.xctest */,
			);
			name = Products;
			sourceTree = "<group>";
		};
		08A530542954F388006D3C54 /* RealityKitExample */ = {
			isa = PBXGroup;
			children = (
				08A530552954F388006D3C54 /* AppDelegate.swift */,
				080A4DA22964DE4A00FAC86C /* HomeView.swift */,
				080A4DA62966074A00FAC86C /* Data.swift */,
				080A4DA42964EB8F00FAC86C /* EnableAR.swift */,
				08A530572954F388006D3C54 /* ContentView.swift */,
				08A530592954F388006D3C54 /* Experience.rcproject */,
				08A5305B2954F389006D3C54 /* Assets.xcassets */,
				08A5305D2954F389006D3C54 /* Preview Content */,
			);
			path = RealityKitExample;
			sourceTree = "<group>";
		};
		08A5305D2954F389006D3C54 /* Preview Content */ = {
			isa = PBXGroup;
			children = (
				08A5305E2954F389006D3C54 /* Preview Assets.xcassets */,
			);
			path = "Preview Content";
			sourceTree = "<group>";
		};
		08A530672954F389006D3C54 /* RealityKitExampleTests */ = {
			isa = PBXGroup;
			children = (
				08A530682954F389006D3C54 /* RealityKitExampleTests.swift */,
			);
			path = RealityKitExampleTests;
			sourceTree = "<group>";
		};
		08A530712954F389006D3C54 /* RealityKitExampleUITests */ = {
			isa = PBXGroup;
			children = (
				08A530722954F389006D3C54 /* RealityKitExampleUITests.swift */,
				08A530742954F389006D3C54 /* RealityKitExampleUITestsLaunchTests.swift */,
			);
			path = RealityKitExampleUITests;
			sourceTree = "<group>";
		};
/* End PBXGroup section */

/* Begin PBXNativeTarget section */
		08A530512954F388006D3C54 /* RealityKitExample */ = {
			isa = PBXNativeTarget;
			buildConfigurationList = 08A530782954F389006D3C54 /* Build configuration list for PBXNativeTarget "RealityKitExample" */;
			buildPhases = (
				08A5304E2954F388006D3C54 /* Sources */,
				08A5304F2954F388006D3C54 /* Frameworks */,
				08A530502954F388006D3C54 /* Resources */,
			);
			buildRules = (
			);
			dependencies = (
			);
			name = RealityKitExample;
			productName = RealityKitExample;
			productReference = 08A530522954F388006D3C54 /* RealityKitExample.app */;
			productType = "com.apple.product-type.application";
		};
		08A530632954F389006D3C54 /* RealityKitExampleTests */ = {
			isa = PBXNativeTarget;
			buildConfigurationList = 08A5307B2954F389006D3C54 /* Build configuration list for PBXNativeTarget "RealityKitExampleTests" */;
			buildPhases = (
				08A530602954F389006D3C54 /* Sources */,
				08A530612954F389006D3C54 /* Frameworks */,
				08A530622954F389006D3C54 /* Resources */,
			);
			buildRules = (
			);
			dependencies = (
				08A530662954F389006D3C54 /* PBXTargetDependency */,
			);
			name = RealityKitExampleTests;
			productName = RealityKitExampleTests;
			productReference = 08A530642954F389006D3C54 /* RealityKitExampleTests.xctest */;
			productType = "com.apple.product-type.bundle.unit-test";
		};
		08A5306D2954F389006D3C54 /* RealityKitExampleUITests */ = {
			isa = PBXNativeTarget;
			buildConfigurationList = 08A5307E2954F389006D3C54 /* Build configuration list for PBXNativeTarget "RealityKitExampleUITests" */;
			buildPhases = (
				08A5306A2954F389006D3C54 /* Sources */,
				08A5306B2954F389006D3C54 /* Frameworks */,
				08A5306C2954F389006D3C54 /* Resources */,
			);
			buildRules = (
			);
			dependencies = (
				08A530702954F389006D3C54 /* PBXTargetDependency */,
			);
			name = RealityKitExampleUITests;
			productName = RealityKitExampleUITests;
			productReference = 08A5306E2954F389006D3C54 /* RealityKitExampleUITests.xctest */;
			productType = "com.apple.product-type.bundle.ui-testing";
		};
/* End PBXNativeTarget section */

/* Begin PBXProject section */
		08A5304A2954F388006D3C54 /* Project object */ = {
			isa = PBXProject;
			attributes = {
				BuildIndependentTargetsInParallel = 1;
				LastSwiftUpdateCheck = 1320;
				LastUpgradeCheck = 1320;
				TargetAttributes = {
					08A530512954F388006D3C54 = {
						CreatedOnToolsVersion = 13.2.1;
					};
					08A530632954F389006D3C54 = {
						CreatedOnToolsVersion = 13.2.1;
						TestTargetID = 08A530512954F388006D3C54;
					};
					08A5306D2954F389006D3C54 = {
						CreatedOnToolsVersion = 13.2.1;
						TestTargetID = 08A530512954F388006D3C54;
					};
				};
			};
			buildConfigurationList = 08A5304D2954F388006D3C54 /* Build configuration list for PBXProject "RealityKitExample" */;
			compatibilityVersion = "Xcode 13.0";
			developmentRegion = en;
			hasScannedForEncodings = 0;
			knownRegions = (
				en,
				Base,
			);
			mainGroup = 08A530492954F388006D3C54;
			productRefGroup = 08A530532954F388006D3C54 /* Products */;
			projectDirPath = "";
			projectRoot = "";
			targets = (
				08A530512954F388006D3C54 /* RealityKitExample */,
				08A530632954F389006D3C54 /* RealityKitExampleTests */,
				08A5306D2954F389006D3C54 /* RealityKitExampleUITests */,
			);
		};
/* End PBXProject section */

/* Begin PBXResourcesBuildPhase section */
		08A530502954F388006D3C54 /* Resources */ = {
			isa = PBXResourcesBuildPhase;
			buildActionMask = 2147483647;
			files = (
				08A5305F2954F389006D3C54 /* Preview Assets.xcassets in Resources */,
				08A5305C2954F389006D3C54 /* Assets.xcassets in Resources */,
			);
			runOnlyForDeploymentPostprocessing = 0;
		};
		08A530622954F389006D3C54 /* Resources */ = {
			isa = PBXResourcesBuildPhase;
			buildActionMask = 2147483647;
			files = (
			);
			runOnlyForDeploymentPostprocessing = 0;
		};
		08A5306C2954F389006D3C54 /* Resources */ = {
			isa = PBXResourcesBuildPhase;
			buildActionMask = 2147483647;
			files = (
			);
			runOnlyForDeploymentPostprocessing = 0;
		};
/* End PBXResourcesBuildPhase section */

/* Begin PBXSourcesBuildPhase section */
		08A5304E2954F388006D3C54 /* Sources */ = {
			isa = PBXSourcesBuildPhase;
			buildActionMask = 2147483647;
			files = (
				08A530582954F388006D3C54 /* ContentView.swift in Sources */,
				080A4DA72966074A00FAC86C /* Data.swift in Sources */,
				080A4DA32964DE4A00FAC86C /* HomeView.swift in Sources */,
				080A4DA52964EB8F00FAC86C /* EnableAR.swift in Sources */,
				08A530562954F388006D3C54 /* AppDelegate.swift in Sources */,
				08A5305A2954F388006D3C54 /* Experience.rcproject in Sources */,
			);
			runOnlyForDeploymentPostprocessing = 0;
		};
		08A530602954F389006D3C54 /* Sources */ = {
			isa = PBXSourcesBuildPhase;
			buildActionMask = 2147483647;
			files = (
				08A530692954F389006D3C54 /* RealityKitExampleTests.swift in Sources */,
			);
			runOnlyForDeploymentPostprocessing = 0;
		};
		08A5306A2954F389006D3C54 /* Sources */ = {
			isa = PBXSourcesBuildPhase;
			buildActionMask = 2147483647;
			files = (
				08A530732954F389006D3C54 /* RealityKitExampleUITests.swift in Sources */,
				08A530752954F389006D3C54 /* RealityKitExampleUITestsLaunchTests.swift in Sources */,
			);
			runOnlyForDeploymentPostprocessing = 0;
		};
/* End PBXSourcesBuildPhase section */

/* Begin PBXTargetDependency section */
		08A530662954F389006D3C54 /* PBXTargetDependency */ = {
			isa = PBXTargetDependency;
			target = 08A530512954F388006D3C54 /* RealityKitExample */;
			targetProxy = 08A530652954F389006D3C54 /* PBXContainerItemProxy */;
		};
		08A530702954F389006D3C54 /* PBXTargetDependency */ = {
			isa = PBXTargetDependency;
			target = 08A530512954F388006D3C54 /* RealityKitExample */;
			targetProxy = 08A5306F2954F389006D3C54 /* PBXContainerItemProxy */;
		};
/* End PBXTargetDependency section */

/* Begin XCBuildConfiguration section */
		08A530762954F389006D3C54 /* Debug */ = {
			isa = XCBuildConfiguration;
			buildSettings = {
				ALWAYS_SEARCH_USER_PATHS = NO;
				CLANG_ANALYZER_NONNULL = YES;
				CLANG_ANALYZER_NUMBER_OBJECT_CONVERSION = YES_AGGRESSIVE;
				CLANG_CXX_LANGUAGE_STANDARD = "gnu++17";
				CLANG_CXX_LIBRARY = "libc++";
				CLANG_ENABLE_MODULES = YES;
				CLANG_ENABLE_OBJC_ARC = YES;
				CLANG_ENABLE_OBJC_WEAK = YES;
				CLANG_WARN_BLOCK_CAPTURE_AUTORELEASING = YES;
				CLANG_WARN_BOOL_CONVERSION = YES;
				CLANG_WARN_COMMA = YES;
				CLANG_WARN_CONSTANT_CONVERSION = YES;
				CLANG_WARN_DEPRECATED_OBJC_IMPLEMENTATIONS = YES;
				CLANG_WARN_DIRECT_OBJC_ISA_USAGE = YES_ERROR;
				CLANG_WARN_DOCUMENTATION_COMMENTS = YES;
				CLANG_WARN_EMPTY_BODY = YES;
				CLANG_WARN_ENUM_CONVERSION = YES;
				CLANG_WARN_INFINITE_RECURSION = YES;
				CLANG_WARN_INT_CONVERSION = YES;
				CLANG_WARN_NON_LITERAL_NULL_CONVERSION = YES;
				CLANG_WARN_OBJC_IMPLICIT_RETAIN_SELF = YES;
				CLANG_WARN_OBJC_LITERAL_CONVERSION = YES;
				CLANG_WARN_OBJC_ROOT_CLASS = YES_ERROR;
				CLANG_WARN_QUOTED_INCLUDE_IN_FRAMEWORK_HEADER = YES;
				CLANG_WARN_RANGE_LOOP_ANALYSIS = YES;
				CLANG_WARN_STRICT_PROTOTYPES = YES;
				CLANG_WARN_SUSPICIOUS_MOVE = YES;
				CLANG_WARN_UNGUARDED_AVAILABILITY = YES_AGGRESSIVE;
				CLANG_WARN_UNREACHABLE_CODE = YES;
				CLANG_WARN__DUPLICATE_METHOD_MATCH = YES;
				COPY_PHASE_STRIP = NO;
				DEBUG_INFORMATION_FORMAT = dwarf;
				ENABLE_STRICT_OBJC_MSGSEND = YES;
				ENABLE_TESTABILITY = YES;
				GCC_C_LANGUAGE_STANDARD = gnu11;
				GCC_DYNAMIC_NO_PIC = NO;
				GCC_NO_COMMON_BLOCKS = YES;
				GCC_OPTIMIZATION_LEVEL = 0;
				GCC_PREPROCESSOR_DEFINITIONS = (
					"DEBUG=1",
					"$(inherited)",
				);
				GCC_WARN_64_TO_32_BIT_CONVERSION = YES;
				GCC_WARN_ABOUT_RETURN_TYPE = YES_ERROR;
				GCC_WARN_UNDECLARED_SELECTOR = YES;
				GCC_WARN_UNINITIALIZED_AUTOS = YES_AGGRESSIVE;
				GCC_WARN_UNUSED_FUNCTION = YES;
				GCC_WARN_UNUSED_VARIABLE = YES;
				IPHONEOS_DEPLOYMENT_TARGET = 15.2;
				MTL_ENABLE_DEBUG_INFO = INCLUDE_SOURCE;
				MTL_FAST_MATH = YES;
				ONLY_ACTIVE_ARCH = YES;
				SDKROOT = iphoneos;
				SWIFT_ACTIVE_COMPILATION_CONDITIONS = DEBUG;
				SWIFT_OPTIMIZATION_LEVEL = "-Onone";
			};
			name = Debug;
		};
		08A530772954F389006D3C54 /* Release */ = {
			isa = XCBuildConfiguration;
			buildSettings = {
				ALWAYS_SEARCH_USER_PATHS = NO;
				CLANG_ANALYZER_NONNULL = YES;
				CLANG_ANALYZER_NUMBER_OBJECT_CONVERSION = YES_AGGRESSIVE;
				CLANG_CXX_LANGUAGE_STANDARD = "gnu++17";
				CLANG_CXX_LIBRARY = "libc++";
				CLANG_ENABLE_MODULES = YES;
				CLANG_ENABLE_OBJC_ARC = YES;
				CLANG_ENABLE_OBJC_WEAK = YES;
				CLANG_WARN_BLOCK_CAPTURE_AUTORELEASING = YES;
				CLANG_WARN_BOOL_CONVERSION = YES;
				CLANG_WARN_COMMA = YES;
				CLANG_WARN_CONSTANT_CONVERSION = YES;
				CLANG_WARN_DEPRECATED_OBJC_IMPLEMENTATIONS = YES;
				CLANG_WARN_DIRECT_OBJC_ISA_USAGE = YES_ERROR;
				CLANG_WARN_DOCUMENTATION_COMMENTS = YES;
				CLANG_WARN_EMPTY_BODY = YES;
				CLANG_WARN_ENUM_CONVERSION = YES;
				CLANG_WARN_INFINITE_RECURSION = YES;
				CLANG_WARN_INT_CONVERSION = YES;
				CLANG_WARN_NON_LITERAL_NULL_CONVERSION = YES;
				CLANG_WARN_OBJC_IMPLICIT_RETAIN_SELF = YES;
				CLANG_WARN_OBJC_LITERAL_CONVERSION = YES;
				CLANG_WARN_OBJC_ROOT_CLASS = YES_ERROR;
				CLANG_WARN_QUOTED_INCLUDE_IN_FRAMEWORK_HEADER = YES;
				CLANG_WARN_RANGE_LOOP_ANALYSIS = YES;
				CLANG_WARN_STRICT_PROTOTYPES = YES;
				CLANG_WARN_SUSPICIOUS_MOVE = YES;
				CLANG_WARN_UNGUARDED_AVAILABILITY = YES_AGGRESSIVE;
				CLANG_WARN_UNREACHABLE_CODE = YES;
				CLANG_WARN__DUPLICATE_METHOD_MATCH = YES;
				COPY_PHASE_STRIP = NO;
				DEBUG_INFORMATION_FORMAT = "dwarf-with-dsym";
				ENABLE_NS_ASSERTIONS = NO;
				ENABLE_STRICT_OBJC_MSGSEND = YES;
				GCC_C_LANGUAGE_STANDARD = gnu11;
				GCC_NO_COMMON_BLOCKS = YES;
				GCC_WARN_64_TO_32_BIT_CONVERSION = YES;
				GCC_WARN_ABOUT_RETURN_TYPE = YES_ERROR;
				GCC_WARN_UNDECLARED_SELECTOR = YES;
				GCC_WARN_UNINITIALIZED_AUTOS = YES_AGGRESSIVE;
				GCC_WARN_UNUSED_FUNCTION = YES;
				GCC_WARN_UNUSED_VARIABLE = YES;
				IPHONEOS_DEPLOYMENT_TARGET = 15.2;
				MTL_ENABLE_DEBUG_INFO = NO;
				MTL_FAST_MATH = YES;
				SDKROOT = iphoneos;
				SWIFT_COMPILATION_MODE = wholemodule;
				SWIFT_OPTIMIZATION_LEVEL = "-O";
				VALIDATE_PRODUCT = YES;
			};
			name = Release;
		};
		08A530792954F389006D3C54 /* Debug */ = {
			isa = XCBuildConfiguration;
			buildSettings = {
				ASSETCATALOG_COMPILER_APPICON_NAME = AppIcon;
				ASSETCATALOG_COMPILER_GLOBAL_ACCENT_COLOR_NAME = AccentColor;
				CODE_SIGN_STYLE = Automatic;
				CURRENT_PROJECT_VERSION = 1;
				DEVELOPMENT_ASSET_PATHS = "\"RealityKitExample/Preview Content\"";
				DEVELOPMENT_TEAM = T9MQMG8LLF;
				ENABLE_PREVIEWS = YES;
				GENERATE_INFOPLIST_FILE = YES;
				INFOPLIST_KEY_NSCameraUsageDescription = "";
				INFOPLIST_KEY_UIApplicationSupportsIndirectInputEvents = YES;
				INFOPLIST_KEY_UILaunchScreen_Generation = YES;
				INFOPLIST_KEY_UIRequiredDeviceCapabilities = arkit;
				INFOPLIST_KEY_UIStatusBarHidden = YES;
				INFOPLIST_KEY_UISupportedInterfaceOrientations_iPad = "UIInterfaceOrientationPortrait UIInterfaceOrientationPortraitUpsideDown UIInterfaceOrientationLandscapeLeft UIInterfaceOrientationLandscapeRight";
				INFOPLIST_KEY_UISupportedInterfaceOrientations_iPhone = "UIInterfaceOrientationPortrait UIInterfaceOrientationLandscapeLeft UIInterfaceOrientationLandscapeRight";
				IPHONEOS_DEPLOYMENT_TARGET = 16.0;
				LD_RUNPATH_SEARCH_PATHS = (
					"$(inherited)",
					"@executable_path/Frameworks",
				);
				MARKETING_VERSION = 1.0;
				PRODUCT_BUNDLE_IDENTIFIER = alantucker.RealityKitExample;
				PRODUCT_NAME = "$(TARGET_NAME)";
				SWIFT_EMIT_LOC_STRINGS = YES;
				SWIFT_VERSION = 5.0;
				TARGETED_DEVICE_FAMILY = "1,2";
			};
			name = Debug;
		};
		08A5307A2954F389006D3C54 /* Release */ = {
			isa = XCBuildConfiguration;
			buildSettings = {
				ASSETCATALOG_COMPILER_APPICON_NAME = AppIcon;
				ASSETCATALOG_COMPILER_GLOBAL_ACCENT_COLOR_NAME = AccentColor;
				CODE_SIGN_STYLE = Automatic;
				CURRENT_PROJECT_VERSION = 1;
				DEVELOPMENT_ASSET_PATHS = "\"RealityKitExample/Preview Content\"";
				DEVELOPMENT_TEAM = T9MQMG8LLF;
				ENABLE_PREVIEWS = YES;
				GENERATE_INFOPLIST_FILE = YES;
				INFOPLIST_KEY_NSCameraUsageDescription = "";
				INFOPLIST_KEY_UIApplicationSupportsIndirectInputEvents = YES;
				INFOPLIST_KEY_UILaunchScreen_Generation = YES;
				INFOPLIST_KEY_UIRequiredDeviceCapabilities = arkit;
				INFOPLIST_KEY_UIStatusBarHidden = YES;
				INFOPLIST_KEY_UISupportedInterfaceOrientations_iPad = "UIInterfaceOrientationPortrait UIInterfaceOrientationPortraitUpsideDown UIInterfaceOrientationLandscapeLeft UIInterfaceOrientationLandscapeRight";
				INFOPLIST_KEY_UISupportedInterfaceOrientations_iPhone = "UIInterfaceOrientationPortrait UIInterfaceOrientationLandscapeLeft UIInterfaceOrientationLandscapeRight";
				IPHONEOS_DEPLOYMENT_TARGET = 16.0;
				LD_RUNPATH_SEARCH_PATHS = (
					"$(inherited)",
					"@executable_path/Frameworks",
				);
				MARKETING_VERSION = 1.0;
				PRODUCT_BUNDLE_IDENTIFIER = alantucker.RealityKitExample;
				PRODUCT_NAME = "$(TARGET_NAME)";
				SWIFT_EMIT_LOC_STRINGS = YES;
				SWIFT_VERSION = 5.0;
				TARGETED_DEVICE_FAMILY = "1,2";
			};
			name = Release;
		};
		08A5307C2954F389006D3C54 /* Debug */ = {
			isa = XCBuildConfiguration;
			buildSettings = {
				ALWAYS_EMBED_SWIFT_STANDARD_LIBRARIES = YES;
				BUNDLE_LOADER = "$(TEST_HOST)";
				CODE_SIGN_STYLE = Automatic;
				CURRENT_PROJECT_VERSION = 1;
				DEVELOPMENT_TEAM = T9MQMG8LLF;
				GENERATE_INFOPLIST_FILE = YES;
				IPHONEOS_DEPLOYMENT_TARGET = 15.2;
				MARKETING_VERSION = 1.0;
				PRODUCT_BUNDLE_IDENTIFIER = alantucker.RealityKitExampleTests;
				PRODUCT_NAME = "$(TARGET_NAME)";
				SWIFT_EMIT_LOC_STRINGS = NO;
				SWIFT_VERSION = 5.0;
				TARGETED_DEVICE_FAMILY = "1,2";
				TEST_HOST = "$(BUILT_PRODUCTS_DIR)/RealityKitExample.app/RealityKitExample";
			};
			name = Debug;
		};
		08A5307D2954F389006D3C54 /* Release */ = {
			isa = XCBuildConfiguration;
			buildSettings = {
				ALWAYS_EMBED_SWIFT_STANDARD_LIBRARIES = YES;
				BUNDLE_LOADER = "$(TEST_HOST)";
				CODE_SIGN_STYLE = Automatic;
				CURRENT_PROJECT_VERSION = 1;
				DEVELOPMENT_TEAM = T9MQMG8LLF;
				GENERATE_INFOPLIST_FILE = YES;
				IPHONEOS_DEPLOYMENT_TARGET = 15.2;
				MARKETING_VERSION = 1.0;
				PRODUCT_BUNDLE_IDENTIFIER = alantucker.RealityKitExampleTests;
				PRODUCT_NAME = "$(TARGET_NAME)";
				SWIFT_EMIT_LOC_STRINGS = NO;
				SWIFT_VERSION = 5.0;
				TARGETED_DEVICE_FAMILY = "1,2";
				TEST_HOST = "$(BUILT_PRODUCTS_DIR)/RealityKitExample.app/RealityKitExample";
			};
			name = Release;
		};
		08A5307F2954F389006D3C54 /* Debug */ = {
			isa = XCBuildConfiguration;
			buildSettings = {
				ALWAYS_EMBED_SWIFT_STANDARD_LIBRARIES = YES;
				CODE_SIGN_STYLE = Automatic;
				CURRENT_PROJECT_VERSION = 1;
				DEVELOPMENT_TEAM = T9MQMG8LLF;
				GENERATE_INFOPLIST_FILE = YES;
				MARKETING_VERSION = 1.0;
				PRODUCT_BUNDLE_IDENTIFIER = alantucker.RealityKitExampleUITests;
				PRODUCT_NAME = "$(TARGET_NAME)";
				SWIFT_EMIT_LOC_STRINGS = NO;
				SWIFT_VERSION = 5.0;
				TARGETED_DEVICE_FAMILY = "1,2";
				TEST_TARGET_NAME = RealityKitExample;
			};
			name = Debug;
		};
		08A530802954F389006D3C54 /* Release */ = {
			isa = XCBuildConfiguration;
			buildSettings = {
				ALWAYS_EMBED_SWIFT_STANDARD_LIBRARIES = YES;
				CODE_SIGN_STYLE = Automatic;
				CURRENT_PROJECT_VERSION = 1;
				DEVELOPMENT_TEAM = T9MQMG8LLF;
				GENERATE_INFOPLIST_FILE = YES;
				MARKETING_VERSION = 1.0;
				PRODUCT_BUNDLE_IDENTIFIER = alantucker.RealityKitExampleUITests;
				PRODUCT_NAME = "$(TARGET_NAME)";
				SWIFT_EMIT_LOC_STRINGS = NO;
				SWIFT_VERSION = 5.0;
				TARGETED_DEVICE_FAMILY = "1,2";
				TEST_TARGET_NAME = RealityKitExample;
			};
			name = Release;
		};
/* End XCBuildConfiguration section */

/* Begin XCConfigurationList section */
		08A5304D2954F388006D3C54 /* Build configuration list for PBXProject "RealityKitExample" */ = {
			isa = XCConfigurationList;
			buildConfigurations = (
				08A530762954F389006D3C54 /* Debug */,
				08A530772954F389006D3C54 /* Release */,
			);
			defaultConfigurationIsVisible = 0;
			defaultConfigurationName = Release;
		};
		08A530782954F389006D3C54 /* Build configuration list for PBXNativeTarget "RealityKitExample" */ = {
			isa = XCConfigurationList;
			buildConfigurations = (
				08A530792954F389006D3C54 /* Debug */,
				08A5307A2954F389006D3C54 /* Release */,
			);
			defaultConfigurationIsVisible = 0;
			defaultConfigurationName = Release;
		};
		08A5307B2954F389006D3C54 /* Build configuration list for PBXNativeTarget "RealityKitExampleTests" */ = {
			isa = XCConfigurationList;
			buildConfigurations = (
				08A5307C2954F389006D3C54 /* Debug */,
				08A5307D2954F389006D3C54 /* Release */,
			);
			defaultConfigurationIsVisible = 0;
			defaultConfigurationName = Release;
		};
		08A5307E2954F389006D3C54 /* Build configuration list for PBXNativeTarget "RealityKitExampleUITests" */ = {
			isa = XCConfigurationList;
			buildConfigurations = (
				08A5307F2954F389006D3C54 /* Debug */,
				08A530802954F389006D3C54 /* Release */,
			);
			defaultConfigurationIsVisible = 0;
			defaultConfigurationName = Release;
		};
/* End XCConfigurationList section */
	};
	rootObject = 08A5304A2954F388006D3C54 /* Project object */;
}
